// !$*UTF8*$!
{
	archiveVersion = 1;
	classes = {
	};
	objectVersion = 56;
	objects = {

/* Begin PBXBuildFile section */
		D64918CE2A1ED51700FB23D1 /* StatsModel.swift in Sources */ = {isa = PBXBuildFile; fileRef = D64918CD2A1ED51600FB23D1 /* StatsModel.swift */; };
		D67742A22A1C108800F5BAC7 /* GoogleService-Info.plist in Resources */ = {isa = PBXBuildFile; fileRef = D67742A12A1C108700F5BAC7 /* GoogleService-Info.plist */; };
		D67742A42A1C136700F5BAC7 /* AuthModel.swift in Sources */ = {isa = PBXBuildFile; fileRef = D67742A32A1C136700F5BAC7 /* AuthModel.swift */; };
		D67742A62A1C144E00F5BAC7 /* AuthError.swift in Sources */ = {isa = PBXBuildFile; fileRef = D67742A52A1C144E00F5BAC7 /* AuthError.swift */; };
		D67742A82A1C46CC00F5BAC7 /* RegistrationViewController.swift in Sources */ = {isa = PBXBuildFile; fileRef = D67742A72A1C46CC00F5BAC7 /* RegistrationViewController.swift */; };
		D67742AA2A1C489D00F5BAC7 /* QueryViewController.swift in Sources */ = {isa = PBXBuildFile; fileRef = D67742A92A1C489D00F5BAC7 /* QueryViewController.swift */; };
		D67742AE2A1D4D0D00F5BAC7 /* NBAModel.swift in Sources */ = {isa = PBXBuildFile; fileRef = D67742AD2A1D4D0D00F5BAC7 /* NBAModel.swift */; };
		D67742B02A1D4DD100F5BAC7 /* RequestError.swift in Sources */ = {isa = PBXBuildFile; fileRef = D67742AF2A1D4DD100F5BAC7 /* RequestError.swift */; };
		D6F4EAD42A1D847B00CF3B98 /* playerNamesToID.swift in Sources */ = {isa = PBXBuildFile; fileRef = D6F4EAD32A1D847B00CF3B98 /* playerNamesToID.swift */; };
		D6F4EAD62A1EBEDF00CF3B98 /* StatsViewController.swift in Sources */ = {isa = PBXBuildFile; fileRef = D6F4EAD52A1EBEDF00CF3B98 /* StatsViewController.swift */; };
		D6F55F4C2A04687A004D5003 /* AppDelegate.swift in Sources */ = {isa = PBXBuildFile; fileRef = D6F55F4B2A04687A004D5003 /* AppDelegate.swift */; };
		D6F55F4E2A04687A004D5003 /* SceneDelegate.swift in Sources */ = {isa = PBXBuildFile; fileRef = D6F55F4D2A04687A004D5003 /* SceneDelegate.swift */; };
		D6F55F502A04687A004D5003 /* SignInViewController.swift in Sources */ = {isa = PBXBuildFile; fileRef = D6F55F4F2A04687A004D5003 /* SignInViewController.swift */; };
		D6F55F532A04687A004D5003 /* Main.storyboard in Resources */ = {isa = PBXBuildFile; fileRef = D6F55F512A04687A004D5003 /* Main.storyboard */; };
		D6F55F552A04687E004D5003 /* Assets.xcassets in Resources */ = {isa = PBXBuildFile; fileRef = D6F55F542A04687E004D5003 /* Assets.xcassets */; };
		D6F55F582A04687E004D5003 /* LaunchScreen.storyboard in Resources */ = {isa = PBXBuildFile; fileRef = D6F55F562A04687E004D5003 /* LaunchScreen.storyboard */; };
		EA06DDEFE637EFE7FACAA2CB /* Pods_NBA_Stat_Getter.framework in Frameworks */ = {isa = PBXBuildFile; fileRef = A1D83640BCC04D719443740D /* Pods_NBA_Stat_Getter.framework */; };
/* End PBXBuildFile section */

/* Begin PBXFileReference section */
		A1D83640BCC04D719443740D /* Pods_NBA_Stat_Getter.framework */ = {isa = PBXFileReference; explicitFileType = wrapper.framework; includeInIndex = 0; path = Pods_NBA_Stat_Getter.framework; sourceTree = BUILT_PRODUCTS_DIR; };
		CBFA38973120081100E16D0C /* Pods-NBA-Stat-Getter.release.xcconfig */ = {isa = PBXFileReference; includeInIndex = 1; lastKnownFileType = text.xcconfig; name = "Pods-NBA-Stat-Getter.release.xcconfig"; path = "Target Support Files/Pods-NBA-Stat-Getter/Pods-NBA-Stat-Getter.release.xcconfig"; sourceTree = "<group>"; };
		D64918CD2A1ED51600FB23D1 /* StatsModel.swift */ = {isa = PBXFileReference; fileEncoding = 4; lastKnownFileType = sourcecode.swift; path = StatsModel.swift; sourceTree = "<group>"; };
		D67742A12A1C108700F5BAC7 /* GoogleService-Info.plist */ = {isa = PBXFileReference; fileEncoding = 4; lastKnownFileType = text.plist.xml; path = "GoogleService-Info.plist"; sourceTree = "<group>"; };
		D67742A32A1C136700F5BAC7 /* AuthModel.swift */ = {isa = PBXFileReference; lastKnownFileType = sourcecode.swift; path = AuthModel.swift; sourceTree = "<group>"; };
		D67742A52A1C144E00F5BAC7 /* AuthError.swift */ = {isa = PBXFileReference; lastKnownFileType = sourcecode.swift; path = AuthError.swift; sourceTree = "<group>"; };
		D67742A72A1C46CC00F5BAC7 /* RegistrationViewController.swift */ = {isa = PBXFileReference; lastKnownFileType = sourcecode.swift; path = RegistrationViewController.swift; sourceTree = "<group>"; };
		D67742A92A1C489D00F5BAC7 /* QueryViewController.swift */ = {isa = PBXFileReference; lastKnownFileType = sourcecode.swift; path = QueryViewController.swift; sourceTree = "<group>"; };
		D67742AD2A1D4D0D00F5BAC7 /* NBAModel.swift */ = {isa = PBXFileReference; lastKnownFileType = sourcecode.swift; path = NBAModel.swift; sourceTree = "<group>"; };
		D67742AF2A1D4DD100F5BAC7 /* RequestError.swift */ = {isa = PBXFileReference; lastKnownFileType = sourcecode.swift; path = RequestError.swift; sourceTree = "<group>"; };
		D6F4EAD32A1D847B00CF3B98 /* playerNamesToID.swift */ = {isa = PBXFileReference; lastKnownFileType = sourcecode.swift; path = playerNamesToID.swift; sourceTree = "<group>"; };
		D6F4EAD52A1EBEDF00CF3B98 /* StatsViewController.swift */ = {isa = PBXFileReference; lastKnownFileType = sourcecode.swift; path = StatsViewController.swift; sourceTree = "<group>"; };
		D6F55F482A04687A004D5003 /* NBA-Stat-Getter.app */ = {isa = PBXFileReference; explicitFileType = wrapper.application; includeInIndex = 0; path = "NBA-Stat-Getter.app"; sourceTree = BUILT_PRODUCTS_DIR; };
		D6F55F4B2A04687A004D5003 /* AppDelegate.swift */ = {isa = PBXFileReference; lastKnownFileType = sourcecode.swift; path = AppDelegate.swift; sourceTree = "<group>"; };
		D6F55F4D2A04687A004D5003 /* SceneDelegate.swift */ = {isa = PBXFileReference; lastKnownFileType = sourcecode.swift; path = SceneDelegate.swift; sourceTree = "<group>"; };
		D6F55F4F2A04687A004D5003 /* SignInViewController.swift */ = {isa = PBXFileReference; lastKnownFileType = sourcecode.swift; path = SignInViewController.swift; sourceTree = "<group>"; };
		D6F55F522A04687A004D5003 /* Base */ = {isa = PBXFileReference; lastKnownFileType = file.storyboard; name = Base; path = Base.lproj/Main.storyboard; sourceTree = "<group>"; };
		D6F55F542A04687E004D5003 /* Assets.xcassets */ = {isa = PBXFileReference; lastKnownFileType = folder.assetcatalog; path = Assets.xcassets; sourceTree = "<group>"; };
		D6F55F572A04687E004D5003 /* Base */ = {isa = PBXFileReference; lastKnownFileType = file.storyboard; name = Base; path = Base.lproj/LaunchScreen.storyboard; sourceTree = "<group>"; };
		D6F55F592A04687E004D5003 /* Info.plist */ = {isa = PBXFileReference; lastKnownFileType = text.plist.xml; path = Info.plist; sourceTree = "<group>"; };
		EF1E966A53914933361E1934 /* Pods-NBA-Stat-Getter.debug.xcconfig */ = {isa = PBXFileReference; includeInIndex = 1; lastKnownFileType = text.xcconfig; name = "Pods-NBA-Stat-Getter.debug.xcconfig"; path = "Target Support Files/Pods-NBA-Stat-Getter/Pods-NBA-Stat-Getter.debug.xcconfig"; sourceTree = "<group>"; };
/* End PBXFileReference section */

/* Begin PBXFrameworksBuildPhase section */
		D6F55F452A04687A004D5003 /* Frameworks */ = {
			isa = PBXFrameworksBuildPhase;
			buildActionMask = 2147483647;
			files = (
				EA06DDEFE637EFE7FACAA2CB /* Pods_NBA_Stat_Getter.framework in Frameworks */,
			);
			runOnlyForDeploymentPostprocessing = 0;
		};
/* End PBXFrameworksBuildPhase section */

/* Begin PBXGroup section */
		022CADC8BB79A5299E80A74F /* Pods */ = {
			isa = PBXGroup;
			children = (
				EF1E966A53914933361E1934 /* Pods-NBA-Stat-Getter.debug.xcconfig */,
				CBFA38973120081100E16D0C /* Pods-NBA-Stat-Getter.release.xcconfig */,
			);
			path = Pods;
			sourceTree = "<group>";
		};
		C93F40DA596833C1349DA744 /* Frameworks */ = {
			isa = PBXGroup;
			children = (
				A1D83640BCC04D719443740D /* Pods_NBA_Stat_Getter.framework */,
			);
			name = Frameworks;
			sourceTree = "<group>";
		};
		D6F55F3F2A04687A004D5003 = {
			isa = PBXGroup;
			children = (
				D6F55F4A2A04687A004D5003 /* NBA-Stat-Getter */,
				D6F55F492A04687A004D5003 /* Products */,
				022CADC8BB79A5299E80A74F /* Pods */,
				C93F40DA596833C1349DA744 /* Frameworks */,
			);
			sourceTree = "<group>";
		};
		D6F55F492A04687A004D5003 /* Products */ = {
			isa = PBXGroup;
			children = (
				D6F55F482A04687A004D5003 /* NBA-Stat-Getter.app */,
			);
			name = Products;
			sourceTree = "<group>";
		};
		D6F55F4A2A04687A004D5003 /* NBA-Stat-Getter */ = {
			isa = PBXGroup;
			children = (
				D64918CD2A1ED51600FB23D1 /* StatsModel.swift */,
				D67742A12A1C108700F5BAC7 /* GoogleService-Info.plist */,
				D6F55F4B2A04687A004D5003 /* AppDelegate.swift */,
				D6F55F4D2A04687A004D5003 /* SceneDelegate.swift */,
				D6F55F4F2A04687A004D5003 /* SignInViewController.swift */,
				D6F55F512A04687A004D5003 /* Main.storyboard */,
				D6F55F542A04687E004D5003 /* Assets.xcassets */,
				D6F55F562A04687E004D5003 /* LaunchScreen.storyboard */,
				D6F55F592A04687E004D5003 /* Info.plist */,
				D67742A32A1C136700F5BAC7 /* AuthModel.swift */,
				D67742A52A1C144E00F5BAC7 /* AuthError.swift */,
				D67742A72A1C46CC00F5BAC7 /* RegistrationViewController.swift */,
				D67742A92A1C489D00F5BAC7 /* QueryViewController.swift */,
				D67742AD2A1D4D0D00F5BAC7 /* NBAModel.swift */,
				D67742AF2A1D4DD100F5BAC7 /* RequestError.swift */,
				D6F4EAD32A1D847B00CF3B98 /* playerNamesToID.swift */,
				D6F4EAD52A1EBEDF00CF3B98 /* StatsViewController.swift */,
			);
			path = "NBA-Stat-Getter";
			sourceTree = "<group>";
		};
/* End PBXGroup section */

/* Begin PBXNativeTarget section */
		D6F55F472A04687A004D5003 /* NBA-Stat-Getter */ = {
			isa = PBXNativeTarget;
			buildConfigurationList = D6F55F5C2A04687E004D5003 /* Build configuration list for PBXNativeTarget "NBA-Stat-Getter" */;
			buildPhases = (
				ABB994307944193E9A01FB1D /* [CP] Check Pods Manifest.lock */,
				D6F55F442A04687A004D5003 /* Sources */,
				D6F55F452A04687A004D5003 /* Frameworks */,
				D6F55F462A04687A004D5003 /* Resources */,
				38095886B54B3B6C911F621E /* [CP] Embed Pods Frameworks */,
			);
			buildRules = (
			);
			dependencies = (
			);
			name = "NBA-Stat-Getter";
			productName = "NBA-Stat-Getter";
			productReference = D6F55F482A04687A004D5003 /* NBA-Stat-Getter.app */;
			productType = "com.apple.product-type.application";
		};
/* End PBXNativeTarget section */

/* Begin PBXProject section */
		D6F55F402A04687A004D5003 /* Project object */ = {
			isa = PBXProject;
			attributes = {
				BuildIndependentTargetsInParallel = 1;
				LastSwiftUpdateCheck = 1400;
				LastUpgradeCheck = 1400;
				TargetAttributes = {
					D6F55F472A04687A004D5003 = {
						CreatedOnToolsVersion = 14.0.1;
					};
				};
			};
			buildConfigurationList = D6F55F432A04687A004D5003 /* Build configuration list for PBXProject "NBA-Stat-Getter" */;
			compatibilityVersion = "Xcode 14.0";
			developmentRegion = en;
			hasScannedForEncodings = 0;
			knownRegions = (
				en,
				Base,
			);
			mainGroup = D6F55F3F2A04687A004D5003;
			productRefGroup = D6F55F492A04687A004D5003 /* Products */;
			projectDirPath = "";
			projectRoot = "";
			targets = (
				D6F55F472A04687A004D5003 /* NBA-Stat-Getter */,
			);
		};
/* End PBXProject section */

/* Begin PBXResourcesBuildPhase section */
		D6F55F462A04687A004D5003 /* Resources */ = {
			isa = PBXResourcesBuildPhase;
			buildActionMask = 2147483647;
			files = (
				D6F55F582A04687E004D5003 /* LaunchScreen.storyboard in Resources */,
				D67742A22A1C108800F5BAC7 /* GoogleService-Info.plist in Resources */,
				D6F55F552A04687E004D5003 /* Assets.xcassets in Resources */,
				D6F55F532A04687A004D5003 /* Main.storyboard in Resources */,
			);
			runOnlyForDeploymentPostprocessing = 0;
		};
/* End PBXResourcesBuildPhase section */

/* Begin PBXShellScriptBuildPhase section */
		38095886B54B3B6C911F621E /* [CP] Embed Pods Frameworks */ = {
			isa = PBXShellScriptBuildPhase;
			buildActionMask = 2147483647;
			files = (
			);
			inputFileListPaths = (
				"${PODS_ROOT}/Target Support Files/Pods-NBA-Stat-Getter/Pods-NBA-Stat-Getter-frameworks-${CONFIGURATION}-input-files.xcfilelist",
			);
			name = "[CP] Embed Pods Frameworks";
			outputFileListPaths = (
				"${PODS_ROOT}/Target Support Files/Pods-NBA-Stat-Getter/Pods-NBA-Stat-Getter-frameworks-${CONFIGURATION}-output-files.xcfilelist",
			);
			runOnlyForDeploymentPostprocessing = 0;
			shellPath = /bin/sh;
			shellScript = "\"${PODS_ROOT}/Target Support Files/Pods-NBA-Stat-Getter/Pods-NBA-Stat-Getter-frameworks.sh\"\n";
			showEnvVarsInLog = 0;
		};
		ABB994307944193E9A01FB1D /* [CP] Check Pods Manifest.lock */ = {
			isa = PBXShellScriptBuildPhase;
			buildActionMask = 2147483647;
			files = (
			);
			inputFileListPaths = (
			);
			inputPaths = (
				"${PODS_PODFILE_DIR_PATH}/Podfile.lock",
				"${PODS_ROOT}/Manifest.lock",
			);
			name = "[CP] Check Pods Manifest.lock";
			outputFileListPaths = (
			);
			outputPaths = (
				"$(DERIVED_FILE_DIR)/Pods-NBA-Stat-Getter-checkManifestLockResult.txt",
			);
			runOnlyForDeploymentPostprocessing = 0;
			shellPath = /bin/sh;
			shellScript = "diff \"${PODS_PODFILE_DIR_PATH}/Podfile.lock\" \"${PODS_ROOT}/Manifest.lock\" > /dev/null\nif [ $? != 0 ] ; then\n    # print error to STDERR\n    echo \"error: The sandbox is not in sync with the Podfile.lock. Run 'pod install' or update your CocoaPods installation.\" >&2\n    exit 1\nfi\n# This output is used by Xcode 'outputs' to avoid re-running this script phase.\necho \"SUCCESS\" > \"${SCRIPT_OUTPUT_FILE_0}\"\n";
			showEnvVarsInLog = 0;
		};
/* End PBXShellScriptBuildPhase section */

/* Begin PBXSourcesBuildPhase section */
		D6F55F442A04687A004D5003 /* Sources */ = {
			isa = PBXSourcesBuildPhase;
			buildActionMask = 2147483647;
			files = (
				D67742AA2A1C489D00F5BAC7 /* QueryViewController.swift in Sources */,
				D6F4EAD62A1EBEDF00CF3B98 /* StatsViewController.swift in Sources */,
				D6F4EAD42A1D847B00CF3B98 /* playerNamesToID.swift in Sources */,
				D6F55F502A04687A004D5003 /* SignInViewController.swift in Sources */,
				D67742A42A1C136700F5BAC7 /* AuthModel.swift in Sources */,
				D67742AE2A1D4D0D00F5BAC7 /* NBAModel.swift in Sources */,
				D67742A82A1C46CC00F5BAC7 /* RegistrationViewController.swift in Sources */,
				D6F55F4C2A04687A004D5003 /* AppDelegate.swift in Sources */,
				D6F55F4E2A04687A004D5003 /* SceneDelegate.swift in Sources */,
				D67742A62A1C144E00F5BAC7 /* AuthError.swift in Sources */,
				D67742B02A1D4DD100F5BAC7 /* RequestError.swift in Sources */,
				D64918CE2A1ED51700FB23D1 /* StatsModel.swift in Sources */,
			);
			runOnlyForDeploymentPostprocessing = 0;
		};
/* End PBXSourcesBuildPhase section */

/* Begin PBXVariantGroup section */
		D6F55F512A04687A004D5003 /* Main.storyboard */ = {
			isa = PBXVariantGroup;
			children = (
				D6F55F522A04687A004D5003 /* Base */,
			);
			name = Main.storyboard;
			sourceTree = "<group>";
		};
		D6F55F562A04687E004D5003 /* LaunchScreen.storyboard */ = {
			isa = PBXVariantGroup;
			children = (
				D6F55F572A04687E004D5003 /* Base */,
			);
			name = LaunchScreen.storyboard;
			sourceTree = "<group>";
		};
/* End PBXVariantGroup section */

/* Begin XCBuildConfiguration section */
		D6F55F5A2A04687E004D5003 /* Debug */ = {
			isa = XCBuildConfiguration;
			buildSettings = {
				ALWAYS_SEARCH_USER_PATHS = NO;
				CLANG_ANALYZER_NONNULL = YES;
				CLANG_ANALYZER_NUMBER_OBJECT_CONVERSION = YES_AGGRESSIVE;
				CLANG_CXX_LANGUAGE_STANDARD = "gnu++20";
				CLANG_ENABLE_MODULES = YES;
				CLANG_ENABLE_OBJC_ARC = YES;
				CLANG_ENABLE_OBJC_WEAK = YES;
				CLANG_WARN_BLOCK_CAPTURE_AUTORELEASING = YES;
				CLANG_WARN_BOOL_CONVERSION = YES;
				CLANG_WARN_COMMA = YES;
				CLANG_WARN_CONSTANT_CONVERSION = YES;
				CLANG_WARN_DEPRECATED_OBJC_IMPLEMENTATIONS = YES;
				CLANG_WARN_DIRECT_OBJC_ISA_USAGE = YES_ERROR;
				CLANG_WARN_DOCUMENTATION_COMMENTS = YES;
				CLANG_WARN_EMPTY_BODY = YES;
				CLANG_WARN_ENUM_CONVERSION = YES;
				CLANG_WARN_INFINITE_RECURSION = YES;
				CLANG_WARN_INT_CONVERSION = YES;
				CLANG_WARN_NON_LITERAL_NULL_CONVERSION = YES;
				CLANG_WARN_OBJC_IMPLICIT_RETAIN_SELF = YES;
				CLANG_WARN_OBJC_LITERAL_CONVERSION = YES;
				CLANG_WARN_OBJC_ROOT_CLASS = YES_ERROR;
				CLANG_WARN_QUOTED_INCLUDE_IN_FRAMEWORK_HEADER = YES;
				CLANG_WARN_RANGE_LOOP_ANALYSIS = YES;
				CLANG_WARN_STRICT_PROTOTYPES = YES;
				CLANG_WARN_SUSPICIOUS_MOVE = YES;
				CLANG_WARN_UNGUARDED_AVAILABILITY = YES_AGGRESSIVE;
				CLANG_WARN_UNREACHABLE_CODE = YES;
				CLANG_WARN__DUPLICATE_METHOD_MATCH = YES;
				COPY_PHASE_STRIP = NO;
				DEBUG_INFORMATION_FORMAT = dwarf;
				ENABLE_STRICT_OBJC_MSGSEND = YES;
				ENABLE_TESTABILITY = YES;
				GCC_C_LANGUAGE_STANDARD = gnu11;
				GCC_DYNAMIC_NO_PIC = NO;
				GCC_NO_COMMON_BLOCKS = YES;
				GCC_OPTIMIZATION_LEVEL = 0;
				GCC_PREPROCESSOR_DEFINITIONS = (
					"DEBUG=1",
					"$(inherited)",
				);
				GCC_WARN_64_TO_32_BIT_CONVERSION = YES;
				GCC_WARN_ABOUT_RETURN_TYPE = YES_ERROR;
				GCC_WARN_UNDECLARED_SELECTOR = YES;
				GCC_WARN_UNINITIALIZED_AUTOS = YES_AGGRESSIVE;
				GCC_WARN_UNUSED_FUNCTION = YES;
				GCC_WARN_UNUSED_VARIABLE = YES;
				IPHONEOS_DEPLOYMENT_TARGET = 16.0;
				MTL_ENABLE_DEBUG_INFO = INCLUDE_SOURCE;
				MTL_FAST_MATH = YES;
				ONLY_ACTIVE_ARCH = YES;
				SDKROOT = iphoneos;
				SWIFT_ACTIVE_COMPILATION_CONDITIONS = DEBUG;
				SWIFT_OPTIMIZATION_LEVEL = "-Onone";
			};
			name = Debug;
		};
		D6F55F5B2A04687E004D5003 /* Release */ = {
			isa = XCBuildConfiguration;
			buildSettings = {
				ALWAYS_SEARCH_USER_PATHS = NO;
				CLANG_ANALYZER_NONNULL = YES;
				CLANG_ANALYZER_NUMBER_OBJECT_CONVERSION = YES_AGGRESSIVE;
				CLANG_CXX_LANGUAGE_STANDARD = "gnu++20";
				CLANG_ENABLE_MODULES = YES;
				CLANG_ENABLE_OBJC_ARC = YES;
				CLANG_ENABLE_OBJC_WEAK = YES;
				CLANG_WARN_BLOCK_CAPTURE_AUTORELEASING = YES;
				CLANG_WARN_BOOL_CONVERSION = YES;
				CLANG_WARN_COMMA = YES;
				CLANG_WARN_CONSTANT_CONVERSION = YES;
				CLANG_WARN_DEPRECATED_OBJC_IMPLEMENTATIONS = YES;
				CLANG_WARN_DIRECT_OBJC_ISA_USAGE = YES_ERROR;
				CLANG_WARN_DOCUMENTATION_COMMENTS = YES;
				CLANG_WARN_EMPTY_BODY = YES;
				CLANG_WARN_ENUM_CONVERSION = YES;
				CLANG_WARN_INFINITE_RECURSION = YES;
				CLANG_WARN_INT_CONVERSION = YES;
				CLANG_WARN_NON_LITERAL_NULL_CONVERSION = YES;
				CLANG_WARN_OBJC_IMPLICIT_RETAIN_SELF = YES;
				CLANG_WARN_OBJC_LITERAL_CONVERSION = YES;
				CLANG_WARN_OBJC_ROOT_CLASS = YES_ERROR;
				CLANG_WARN_QUOTED_INCLUDE_IN_FRAMEWORK_HEADER = YES;
				CLANG_WARN_RANGE_LOOP_ANALYSIS = YES;
				CLANG_WARN_STRICT_PROTOTYPES = YES;
				CLANG_WARN_SUSPICIOUS_MOVE = YES;
				CLANG_WARN_UNGUARDED_AVAILABILITY = YES_AGGRESSIVE;
				CLANG_WARN_UNREACHABLE_CODE = YES;
				CLANG_WARN__DUPLICATE_METHOD_MATCH = YES;
				COPY_PHASE_STRIP = NO;
				DEBUG_INFORMATION_FORMAT = "dwarf-with-dsym";
				ENABLE_NS_ASSERTIONS = NO;
				ENABLE_STRICT_OBJC_MSGSEND = YES;
				GCC_C_LANGUAGE_STANDARD = gnu11;
				GCC_NO_COMMON_BLOCKS = YES;
				GCC_WARN_64_TO_32_BIT_CONVERSION = YES;
				GCC_WARN_ABOUT_RETURN_TYPE = YES_ERROR;
				GCC_WARN_UNDECLARED_SELECTOR = YES;
				GCC_WARN_UNINITIALIZED_AUTOS = YES_AGGRESSIVE;
				GCC_WARN_UNUSED_FUNCTION = YES;
				GCC_WARN_UNUSED_VARIABLE = YES;
				IPHONEOS_DEPLOYMENT_TARGET = 16.0;
				MTL_ENABLE_DEBUG_INFO = NO;
				MTL_FAST_MATH = YES;
				SDKROOT = iphoneos;
				SWIFT_COMPILATION_MODE = wholemodule;
				SWIFT_OPTIMIZATION_LEVEL = "-O";
				VALIDATE_PRODUCT = YES;
			};
			name = Release;
		};
		D6F55F5D2A04687E004D5003 /* Debug */ = {
			isa = XCBuildConfiguration;
			baseConfigurationReference = EF1E966A53914933361E1934 /* Pods-NBA-Stat-Getter.debug.xcconfig */;
			buildSettings = {
				ASSETCATALOG_COMPILER_APPICON_NAME = AppIcon;
				ASSETCATALOG_COMPILER_GLOBAL_ACCENT_COLOR_NAME = AccentColor;
				CODE_SIGN_STYLE = Automatic;
				CURRENT_PROJECT_VERSION = 1;
				DEVELOPMENT_TEAM = M55R57QPJL;
				GENERATE_INFOPLIST_FILE = YES;
				INFOPLIST_FILE = "NBA-Stat-Getter/Info.plist";
				INFOPLIST_KEY_UIApplicationSupportsIndirectInputEvents = YES;
				INFOPLIST_KEY_UILaunchStoryboardName = LaunchScreen;
				INFOPLIST_KEY_UIMainStoryboardFile = Main;
				INFOPLIST_KEY_UISupportedInterfaceOrientations_iPad = "UIInterfaceOrientationPortrait UIInterfaceOrientationPortraitUpsideDown UIInterfaceOrientationLandscapeLeft UIInterfaceOrientationLandscapeRight";
				INFOPLIST_KEY_UISupportedInterfaceOrientations_iPhone = "UIInterfaceOrientationPortrait UIInterfaceOrientationLandscapeLeft UIInterfaceOrientationLandscapeRight";
				LD_RUNPATH_SEARCH_PATHS = (
					"$(inherited)",
					"@executable_path/Frameworks",
				);
				MARKETING_VERSION = 1.0;
				PRODUCT_BUNDLE_IDENTIFIER = "edu.Hofstra.Sabah.NBA-Stat-Getter";
				PRODUCT_NAME = "$(TARGET_NAME)";
				SWIFT_EMIT_LOC_STRINGS = YES;
				SWIFT_VERSION = 5.0;
				TARGETED_DEVICE_FAMILY = "1,2";
			};
			name = Debug;
		};
		D6F55F5E2A04687E004D5003 /* Release */ = {
			isa = XCBuildConfiguration;
			baseConfigurationReference = CBFA38973120081100E16D0C /* Pods-NBA-Stat-Getter.release.xcconfig */;
			buildSettings = {
				ASSETCATALOG_COMPILER_APPICON_NAME = AppIcon;
				ASSETCATALOG_COMPILER_GLOBAL_ACCENT_COLOR_NAME = AccentColor;
				CODE_SIGN_STYLE = Automatic;
				CURRENT_PROJECT_VERSION = 1;
				DEVELOPMENT_TEAM = M55R57QPJL;
				GENERATE_INFOPLIST_FILE = YES;
				INFOPLIST_FILE = "NBA-Stat-Getter/Info.plist";
				INFOPLIST_KEY_UIApplicationSupportsIndirectInputEvents = YES;
				INFOPLIST_KEY_UILaunchStoryboardName = LaunchScreen;
				INFOPLIST_KEY_UIMainStoryboardFile = Main;
				INFOPLIST_KEY_UISupportedInterfaceOrientations_iPad = "UIInterfaceOrientationPortrait UIInterfaceOrientationPortraitUpsideDown UIInterfaceOrientationLandscapeLeft UIInterfaceOrientationLandscapeRight";
				INFOPLIST_KEY_UISupportedInterfaceOrientations_iPhone = "UIInterfaceOrientationPortrait UIInterfaceOrientationLandscapeLeft UIInterfaceOrientationLandscapeRight";
				LD_RUNPATH_SEARCH_PATHS = (
					"$(inherited)",
					"@executable_path/Frameworks",
				);
				MARKETING_VERSION = 1.0;
				PRODUCT_BUNDLE_IDENTIFIER = "edu.Hofstra.Sabah.NBA-Stat-Getter";
				PRODUCT_NAME = "$(TARGET_NAME)";
				SWIFT_EMIT_LOC_STRINGS = YES;
				SWIFT_VERSION = 5.0;
				TARGETED_DEVICE_FAMILY = "1,2";
			};
			name = Release;
		};
/* End XCBuildConfiguration section */

/* Begin XCConfigurationList section */
		D6F55F432A04687A004D5003 /* Build configuration list for PBXProject "NBA-Stat-Getter" */ = {
			isa = XCConfigurationList;
			buildConfigurations = (
				D6F55F5A2A04687E004D5003 /* Debug */,
				D6F55F5B2A04687E004D5003 /* Release */,
			);
			defaultConfigurationIsVisible = 0;
			defaultConfigurationName = Release;
		};
		D6F55F5C2A04687E004D5003 /* Build configuration list for PBXNativeTarget "NBA-Stat-Getter" */ = {
			isa = XCConfigurationList;
			buildConfigurations = (
				D6F55F5D2A04687E004D5003 /* Debug */,
				D6F55F5E2A04687E004D5003 /* Release */,
			);
			defaultConfigurationIsVisible = 0;
			defaultConfigurationName = Release;
		};
/* End XCConfigurationList section */
	};
	rootObject = D6F55F402A04687A004D5003 /* Project object */;
}
